# THIS IS AN AUTOGENERATED FILE. DO NOT EDIT THIS FILE DIRECTLY.
# yarn lockfile v1


"@types/node@^11.11.3":
  version "11.13.8"
  resolved "https://registry.yarnpkg.com/@types/node/-/node-11.13.8.tgz#e5d71173c95533be9842b2c798978f095f912aab"
  integrity sha512-szA3x/3miL90ZJxUCzx9haNbK5/zmPieGraZEe4WI+3srN0eGLiT22NXeMHmyhNEopn+IrxqMc7wdVwvPl8meg==

"fp-ts@github:gcanti/fp-ts#v2-lib":
  version "2.0.0"
  resolved "https://codeload.github.com/gcanti/fp-ts/tar.gz/93001f8d87b0a658a02de5910e4c93877f285751"

"shared@file:../../src/shared":
  version "1.0.0"
  dependencies:
    fp-ts "github:gcanti/fp-ts#v2-lib"

typescript@^3.5.0-dev.20190410:
  version "3.5.0-dev.20190501"
  resolved "https://registry.yarnpkg.com/typescript/-/typescript-3.5.0-dev.20190501.tgz#c5442f5ca35289e92618f4c5adde9c6f99f84c10"
  integrity sha512-sZznRRDJvVpVPxncoBgcQ/d943kofh/+zSlhvrNjZVDVKSkCcYDf3hARFsriT8cbj6D+g6cQGYQP8M92ZSjaLg==
