# THIS IS AN AUTOGENERATED FILE. DO NOT EDIT THIS FILE DIRECTLY.
# yarn lockfile v1


"@types/node@^11.11.3":
  version "11.12.1"
  resolved "https://registry.yarnpkg.com/@types/node/-/node-11.12.1.tgz#d90123f6c61fdf2f7cddd286ddae891586dd3488"
  integrity sha512-sKDlqv6COJrR7ar0+GqqhrXQDzQlMcqMnF2iEU6m9hLo8kxozoAGUazwPyELHlRVmjsbvlnGXjnzyptSXVmceA==

fp-ts@^1.0.0, fp-ts@^1.15.0:
  version "1.15.0"
  resolved "https://registry.yarnpkg.com/fp-ts/-/fp-ts-1.15.0.tgz#7706d6761cc98ccbece91c2ff2e5a5b924f65f3d"
  integrity sha512-D0gnY9qnpifaqNABqSKjttOW4YVpAHK7I7hcstJllbyqS1GKzbQoAguZYr77DhXzIXnsJiqo65dCHJZq6ouxiQ==

io-ts@^1.8.4:
  version "1.8.4"
  resolved "https://registry.yarnpkg.com/io-ts/-/io-ts-1.8.4.tgz#acbc7d4b4197e25efa078f70a3695fff33d0dc07"
  integrity sha512-JW1tMU4n18jUkKX6kV2RzDXCJ/3Uyu5EjPb1WvE2lCkJIzk6mvXu62MIfaCfCmDT6qot0uEIfjUW8YnImzg/Tg==
  dependencies:
    fp-ts "^1.0.0"

typescript@^3.4.0-dev.20190329:
  version "3.4.0-rc"
  resolved "https://registry.yarnpkg.com/typescript/-/typescript-3.4.0-rc.tgz#bc4026c3c517a30fa514b896f2684c6ba92caadb"
  integrity sha512-wtm2GwuV0Yy2zvmpFaMDtWHnRbzfERi9FLpL+K+JqGkHoclgEQ6TmD1AMxMIjs80NWRIq0Xp1veQyuZbGsUYsg==
